// !$*UTF8*$!
{
	archiveVersion = 1;
	classes = {
	};
	objectVersion = 50;
	objects = {

/* Begin PBXBuildFile section */
		1E83D12120C0E99A00B2EFC4 /* AppDelegate.m in Sources */ = {isa = PBXBuildFile; fileRef = 1E83D12020C0E99A00B2EFC4 /* AppDelegate.m */; };
		1E83D12420C0E99A00B2EFC4 /* ViewController.m in Sources */ = {isa = PBXBuildFile; fileRef = 1E83D12320C0E99A00B2EFC4 /* ViewController.m */; };
		1E83D12720C0E99A00B2EFC4 /* Main.storyboard in Resources */ = {isa = PBXBuildFile; fileRef = 1E83D12520C0E99A00B2EFC4 /* Main.storyboard */; };
		1E83D12920C0E99C00B2EFC4 /* Assets.xcassets in Resources */ = {isa = PBXBuildFile; fileRef = 1E83D12820C0E99C00B2EFC4 /* Assets.xcassets */; };
		1E83D12C20C0E99C00B2EFC4 /* LaunchScreen.storyboard in Resources */ = {isa = PBXBuildFile; fileRef = 1E83D12A20C0E99C00B2EFC4 /* LaunchScreen.storyboard */; };
		1E83D12F20C0E99C00B2EFC4 /* main.m in Sources */ = {isa = PBXBuildFile; fileRef = 1E83D12E20C0E99C00B2EFC4 /* main.m */; };
		1E83D13820C0E9D300B2EFC4 /* JQNetWorkAndCacheTool.m in Sources */ = {isa = PBXBuildFile; fileRef = 1E83D13720C0E9D300B2EFC4 /* JQNetWorkAndCacheTool.m */; };
		1E83D13A20C1127100B2EFC4 /* imageCode.png in Resources */ = {isa = PBXBuildFile; fileRef = 1E83D13920C1127100B2EFC4 /* imageCode.png */; };
		E5C6517F9EFFE88816C5EE56 /* libPods-JQNetWorkingRequestTool.a in Frameworks */ = {isa = PBXBuildFile; fileRef = 0A66575F83EA81E58CCCAD26 /* libPods-JQNetWorkingRequestTool.a */; };
/* End PBXBuildFile section */

/* Begin PBXFileReference section */
		031607CD86AECE68B6D7D2CC /* Pods-JQNetWorkingRequestTool.debug.xcconfig */ = {isa = PBXFileReference; includeInIndex = 1; lastKnownFileType = text.xcconfig; name = "Pods-JQNetWorkingRequestTool.debug.xcconfig"; path = "Pods/Target Support Files/Pods-JQNetWorkingRequestTool/Pods-JQNetWorkingRequestTool.debug.xcconfig"; sourceTree = "<group>"; };
		0A66575F83EA81E58CCCAD26 /* libPods-JQNetWorkingRequestTool.a */ = {isa = PBXFileReference; explicitFileType = archive.ar; includeInIndex = 0; path = "libPods-JQNetWorkingRequestTool.a"; sourceTree = BUILT_PRODUCTS_DIR; };
		1E83D11C20C0E99A00B2EFC4 /* JQNetWorkingRequestTool.app */ = {isa = PBXFileReference; explicitFileType = wrapper.application; includeInIndex = 0; path = JQNetWorkingRequestTool.app; sourceTree = BUILT_PRODUCTS_DIR; };
		1E83D11F20C0E99A00B2EFC4 /* AppDelegate.h */ = {isa = PBXFileReference; lastKnownFileType = sourcecode.c.h; path = AppDelegate.h; sourceTree = "<group>"; };
		1E83D12020C0E99A00B2EFC4 /* AppDelegate.m */ = {isa = PBXFileReference; lastKnownFileType = sourcecode.c.objc; path = AppDelegate.m; sourceTree = "<group>"; };
		1E83D12220C0E99A00B2EFC4 /* ViewController.h */ = {isa = PBXFileReference; lastKnownFileType = sourcecode.c.h; path = ViewController.h; sourceTree = "<group>"; };
		1E83D12320C0E99A00B2EFC4 /* ViewController.m */ = {isa = PBXFileReference; lastKnownFileType = sourcecode.c.objc; path = ViewController.m; sourceTree = "<group>"; };
		1E83D12620C0E99A00B2EFC4 /* Base */ = {isa = PBXFileReference; lastKnownFileType = file.storyboard; name = Base; path = Base.lproj/Main.storyboard; sourceTree = "<group>"; };
		1E83D12820C0E99C00B2EFC4 /* Assets.xcassets */ = {isa = PBXFileReference; lastKnownFileType = folder.assetcatalog; path = Assets.xcassets; sourceTree = "<group>"; };
		1E83D12B20C0E99C00B2EFC4 /* Base */ = {isa = PBXFileReference; lastKnownFileType = file.storyboard; name = Base; path = Base.lproj/LaunchScreen.storyboard; sourceTree = "<group>"; };
		1E83D12D20C0E99C00B2EFC4 /* Info.plist */ = {isa = PBXFileReference; lastKnownFileType = text.plist.xml; path = Info.plist; sourceTree = "<group>"; };
		1E83D12E20C0E99C00B2EFC4 /* main.m */ = {isa = PBXFileReference; lastKnownFileType = sourcecode.c.objc; path = main.m; sourceTree = "<group>"; };
		1E83D13620C0E9D300B2EFC4 /* JQNetWorkAndCacheTool.h */ = {isa = PBXFileReference; fileEncoding = 4; lastKnownFileType = sourcecode.c.h; path = JQNetWorkAndCacheTool.h; sourceTree = "<group>"; };
		1E83D13720C0E9D300B2EFC4 /* JQNetWorkAndCacheTool.m */ = {isa = PBXFileReference; fileEncoding = 4; lastKnownFileType = sourcecode.c.objc; path = JQNetWorkAndCacheTool.m; sourceTree = "<group>"; };
		1E83D13920C1127100B2EFC4 /* imageCode.png */ = {isa = PBXFileReference; lastKnownFileType = image.png; path = imageCode.png; sourceTree = "<group>"; };
		3815BFF4F63EEDE8B1C1CBEA /* Pods-JQNetWorkingRequestTool.release.xcconfig */ = {isa = PBXFileReference; includeInIndex = 1; lastKnownFileType = text.xcconfig; name = "Pods-JQNetWorkingRequestTool.release.xcconfig"; path = "Pods/Target Support Files/Pods-JQNetWorkingRequestTool/Pods-JQNetWorkingRequestTool.release.xcconfig"; sourceTree = "<group>"; };
/* End PBXFileReference section */

/* Begin PBXFrameworksBuildPhase section */
		1E83D11920C0E99A00B2EFC4 /* Frameworks */ = {
			isa = PBXFrameworksBuildPhase;
			buildActionMask = 2147483647;
			files = (
				E5C6517F9EFFE88816C5EE56 /* libPods-JQNetWorkingRequestTool.a in Frameworks */,
			);
			runOnlyForDeploymentPostprocessing = 0;
		};
/* End PBXFrameworksBuildPhase section */

/* Begin PBXGroup section */
		1E83D11320C0E99A00B2EFC4 = {
			isa = PBXGroup;
			children = (
				1E83D11E20C0E99A00B2EFC4 /* JQNetWorkingRequestTool */,
				1E83D11D20C0E99A00B2EFC4 /* Products */,
				DE64A5C9F1BA70421229C489 /* Pods */,
				DDD1CBDAF168C16F2744FD90 /* Frameworks */,
			);
			sourceTree = "<group>";
		};
		1E83D11D20C0E99A00B2EFC4 /* Products */ = {
			isa = PBXGroup;
			children = (
				1E83D11C20C0E99A00B2EFC4 /* JQNetWorkingRequestTool.app */,
			);
			name = Products;
			sourceTree = "<group>";
		};
		1E83D11E20C0E99A00B2EFC4 /* JQNetWorkingRequestTool */ = {
			isa = PBXGroup;
			children = (
				1E83D13520C0E9D300B2EFC4 /* JQNetWork */,
				1E83D11F20C0E99A00B2EFC4 /* AppDelegate.h */,
				1E83D12020C0E99A00B2EFC4 /* AppDelegate.m */,
				1E83D12220C0E99A00B2EFC4 /* ViewController.h */,
				1E83D12320C0E99A00B2EFC4 /* ViewController.m */,
				1E83D12520C0E99A00B2EFC4 /* Main.storyboard */,
				1E83D12820C0E99C00B2EFC4 /* Assets.xcassets */,
				1E83D12A20C0E99C00B2EFC4 /* LaunchScreen.storyboard */,
				1E83D12D20C0E99C00B2EFC4 /* Info.plist */,
				1E83D12E20C0E99C00B2EFC4 /* main.m */,
				1E83D13920C1127100B2EFC4 /* imageCode.png */,
			);
			path = JQNetWorkingRequestTool;
			sourceTree = "<group>";
		};
		1E83D13520C0E9D300B2EFC4 /* JQNetWork */ = {
			isa = PBXGroup;
			children = (
				1E83D13620C0E9D300B2EFC4 /* JQNetWorkAndCacheTool.h */,
				1E83D13720C0E9D300B2EFC4 /* JQNetWorkAndCacheTool.m */,
			);
			path = JQNetWork;
			sourceTree = "<group>";
		};
		DDD1CBDAF168C16F2744FD90 /* Frameworks */ = {
			isa = PBXGroup;
			children = (
				0A66575F83EA81E58CCCAD26 /* libPods-JQNetWorkingRequestTool.a */,
			);
			name = Frameworks;
			sourceTree = "<group>";
		};
		DE64A5C9F1BA70421229C489 /* Pods */ = {
			isa = PBXGroup;
			children = (
				031607CD86AECE68B6D7D2CC /* Pods-JQNetWorkingRequestTool.debug.xcconfig */,
				3815BFF4F63EEDE8B1C1CBEA /* Pods-JQNetWorkingRequestTool.release.xcconfig */,
			);
			name = Pods;
			sourceTree = "<group>";
		};
/* End PBXGroup section */

/* Begin PBXNativeTarget section */
		1E83D11B20C0E99A00B2EFC4 /* JQNetWorkingRequestTool */ = {
			isa = PBXNativeTarget;
			buildConfigurationList = 1E83D13220C0E99C00B2EFC4 /* Build configuration list for PBXNativeTarget "JQNetWorkingRequestTool" */;
			buildPhases = (
				0D74DD7324D34BC001163BD4 /* [CP] Check Pods Manifest.lock */,
				1E83D11820C0E99A00B2EFC4 /* Sources */,
				1E83D11920C0E99A00B2EFC4 /* Frameworks */,
				1E83D11A20C0E99A00B2EFC4 /* Resources */,
				86C54DE6DB803C46657A4A03 /* [CP] Copy Pods Resources */,
			);
			buildRules = (
			);
			dependencies = (
			);
			name = JQNetWorkingRequestTool;
			productName = JQNetWorkingRequestTool;
			productReference = 1E83D11C20C0E99A00B2EFC4 /* JQNetWorkingRequestTool.app */;
			productType = "com.apple.product-type.application";
		};
/* End PBXNativeTarget section */

/* Begin PBXProject section */
		1E83D11420C0E99A00B2EFC4 /* Project object */ = {
			isa = PBXProject;
			attributes = {
				LastUpgradeCheck = 0930;
				ORGANIZATIONNAME = zhangjiaqi;
				TargetAttributes = {
					1E83D11B20C0E99A00B2EFC4 = {
						CreatedOnToolsVersion = 9.3;
					};
				};
			};
			buildConfigurationList = 1E83D11720C0E99A00B2EFC4 /* Build configuration list for PBXProject "JQNetWorkingRequestTool" */;
			compatibilityVersion = "Xcode 9.3";
			developmentRegion = en;
			hasScannedForEncodings = 0;
			knownRegions = (
				en,
				Base,
			);
			mainGroup = 1E83D11320C0E99A00B2EFC4;
			productRefGroup = 1E83D11D20C0E99A00B2EFC4 /* Products */;
			projectDirPath = "";
			projectRoot = "";
			targets = (
				1E83D11B20C0E99A00B2EFC4 /* JQNetWorkingRequestTool */,
			);
		};
/* End PBXProject section */

/* Begin PBXResourcesBuildPhase section */
		1E83D11A20C0E99A00B2EFC4 /* Resources */ = {
			isa = PBXResourcesBuildPhase;
			buildActionMask = 2147483647;
			files = (
				1E83D12C20C0E99C00B2EFC4 /* LaunchScreen.storyboard in Resources */,
				1E83D12920C0E99C00B2EFC4 /* Assets.xcassets in Resources */,
				1E83D13A20C1127100B2EFC4 /* imageCode.png in Resources */,
				1E83D12720C0E99A00B2EFC4 /* Main.storyboard in Resources */,
			);
			runOnlyForDeploymentPostprocessing = 0;
		};
/* End PBXResourcesBuildPhase section */

/* Begin PBXShellScriptBuildPhase section */
		0D74DD7324D34BC001163BD4 /* [CP] Check Pods Manifest.lock */ = {
			isa = PBXShellScriptBuildPhase;
			buildActionMask = 2147483647;
			files = (
			);
			inputPaths = (
				"${PODS_PODFILE_DIR_PATH}/Podfile.lock",
				"${PODS_ROOT}/Manifest.lock",
			);
			name = "[CP] Check Pods Manifest.lock";
			outputPaths = (
				"$(DERIVED_FILE_DIR)/Pods-JQNetWorkingRequestTool-checkManifestLockResult.txt",
			);
			runOnlyForDeploymentPostprocessing = 0;
			shellPath = /bin/sh;
			shellScript = "diff \"${PODS_PODFILE_DIR_PATH}/Podfile.lock\" \"${PODS_ROOT}/Manifest.lock\" > /dev/null\nif [ $? != 0 ] ; then\n    # print error to STDERR\n    echo \"error: The sandbox is not in sync with the Podfile.lock. Run 'pod install' or update your CocoaPods installation.\" >&2\n    exit 1\nfi\n# This output is used by Xcode 'outputs' to avoid re-running this script phase.\necho \"SUCCESS\" > \"${SCRIPT_OUTPUT_FILE_0}\"\n";
			showEnvVarsInLog = 0;
		};
		86C54DE6DB803C46657A4A03 /* [CP] Copy Pods Resources */ = {
			isa = PBXShellScriptBuildPhase;
			buildActionMask = 2147483647;
			files = (
			);
			inputPaths = (
				"${SRCROOT}/Pods/Target Support Files/Pods-JQNetWorkingRequestTool/Pods-JQNetWorkingRequestTool-resources.sh",
				"${PODS_ROOT}/SVProgressHUD/SVProgressHUD/SVProgressHUD.bundle",
			);
			name = "[CP] Copy Pods Resources";
			outputPaths = (
				"${TARGET_BUILD_DIR}/${UNLOCALIZED_RESOURCES_FOLDER_PATH}/SVProgressHUD.bundle",
			);
			runOnlyForDeploymentPostprocessing = 0;
			shellPath = /bin/sh;
			shellScript = "\"${SRCROOT}/Pods/Target Support Files/Pods-JQNetWorkingRequestTool/Pods-JQNetWorkingRequestTool-resources.sh\"\n";
			showEnvVarsInLog = 0;
		};
/* End PBXShellScriptBuildPhase section */

/* Begin PBXSourcesBuildPhase section */
		1E83D11820C0E99A00B2EFC4 /* Sources */ = {
			isa = PBXSourcesBuildPhase;
			buildActionMask = 2147483647;
			files = (
				1E83D13820C0E9D300B2EFC4 /* JQNetWorkAndCacheTool.m in Sources */,
				1E83D12420C0E99A00B2EFC4 /* ViewController.m in Sources */,
				1E83D12F20C0E99C00B2EFC4 /* main.m in Sources */,
				1E83D12120C0E99A00B2EFC4 /* AppDelegate.m in Sources */,
			);
			runOnlyForDeploymentPostprocessing = 0;
		};
/* End PBXSourcesBuildPhase section */

/* Begin PBXVariantGroup section */
		1E83D12520C0E99A00B2EFC4 /* Main.storyboard */ = {
			isa = PBXVariantGroup;
			children = (
				1E83D12620C0E99A00B2EFC4 /* Base */,
			);
			name = Main.storyboard;
			sourceTree = "<group>";
		};
		1E83D12A20C0E99C00B2EFC4 /* LaunchScreen.storyboard */ = {
			isa = PBXVariantGroup;
			children = (
				1E83D12B20C0E99C00B2EFC4 /* Base */,
			);
			name = LaunchScreen.storyboard;
			sourceTree = "<group>";
		};
/* End PBXVariantGroup section */

/* Begin XCBuildConfiguration section */
		1E83D13020C0E99C00B2EFC4 /* Debug */ = {
			isa = XCBuildConfiguration;
			buildSettings = {
				ALWAYS_SEARCH_USER_PATHS = NO;
				CLANG_ANALYZER_NONNULL = YES;
				CLANG_ANALYZER_NUMBER_OBJECT_CONVERSION = YES_AGGRESSIVE;
				CLANG_CXX_LANGUAGE_STANDARD = "gnu++14";
				CLANG_CXX_LIBRARY = "libc++";
				CLANG_ENABLE_MODULES = YES;
				CLANG_ENABLE_OBJC_ARC = YES;
				CLANG_ENABLE_OBJC_WEAK = YES;
				CLANG_WARN_BLOCK_CAPTURE_AUTORELEASING = YES;
				CLANG_WARN_BOOL_CONVERSION = YES;
				CLANG_WARN_COMMA = YES;
				CLANG_WARN_CONSTANT_CONVERSION = YES;
				CLANG_WARN_DEPRECATED_OBJC_IMPLEMENTATIONS = YES;
				CLANG_WARN_DIRECT_OBJC_ISA_USAGE = YES_ERROR;
				CLANG_WARN_DOCUMENTATION_COMMENTS = YES;
				CLANG_WARN_EMPTY_BODY = YES;
				CLANG_WARN_ENUM_CONVERSION = YES;
				CLANG_WARN_INFINITE_RECURSION = YES;
				CLANG_WARN_INT_CONVERSION = YES;
				CLANG_WARN_NON_LITERAL_NULL_CONVERSION = YES;
				CLANG_WARN_OBJC_IMPLICIT_RETAIN_SELF = YES;
				CLANG_WARN_OBJC_LITERAL_CONVERSION = YES;
				CLANG_WARN_OBJC_ROOT_CLASS = YES_ERROR;
				CLANG_WARN_RANGE_LOOP_ANALYSIS = YES;
				CLANG_WARN_STRICT_PROTOTYPES = YES;
				CLANG_WARN_SUSPICIOUS_MOVE = YES;
				CLANG_WARN_UNGUARDED_AVAILABILITY = YES_AGGRESSIVE;
				CLANG_WARN_UNREACHABLE_CODE = YES;
				CLANG_WARN__DUPLICATE_METHOD_MATCH = YES;
				CODE_SIGN_IDENTITY = "iPhone Developer";
				COPY_PHASE_STRIP = NO;
				DEBUG_INFORMATION_FORMAT = dwarf;
				ENABLE_STRICT_OBJC_MSGSEND = YES;
				ENABLE_TESTABILITY = YES;
				GCC_C_LANGUAGE_STANDARD = gnu11;
				GCC_DYNAMIC_NO_PIC = NO;
				GCC_NO_COMMON_BLOCKS = YES;
				GCC_OPTIMIZATION_LEVEL = 0;
				GCC_PREPROCESSOR_DEFINITIONS = (
					"DEBUG=1",
					"$(inherited)",
				);
				GCC_WARN_64_TO_32_BIT_CONVERSION = YES;
				GCC_WARN_ABOUT_RETURN_TYPE = YES_ERROR;
				GCC_WARN_UNDECLARED_SELECTOR = YES;
				GCC_WARN_UNINITIALIZED_AUTOS = YES_AGGRESSIVE;
				GCC_WARN_UNUSED_FUNCTION = YES;
				GCC_WARN_UNUSED_VARIABLE = YES;
				IPHONEOS_DEPLOYMENT_TARGET = 11.3;
				MTL_ENABLE_DEBUG_INFO = YES;
				ONLY_ACTIVE_ARCH = YES;
				SDKROOT = iphoneos;
			};
			name = Debug;
		};
		1E83D13120C0E99C00B2EFC4 /* Release */ = {
			isa = XCBuildConfiguration;
			buildSettings = {
				ALWAYS_SEARCH_USER_PATHS = NO;
				CLANG_ANALYZER_NONNULL = YES;
				CLANG_ANALYZER_NUMBER_OBJECT_CONVERSION = YES_AGGRESSIVE;
				CLANG_CXX_LANGUAGE_STANDARD = "gnu++14";
				CLANG_CXX_LIBRARY = "libc++";
				CLANG_ENABLE_MODULES = YES;
				CLANG_ENABLE_OBJC_ARC = YES;
				CLANG_ENABLE_OBJC_WEAK = YES;
				CLANG_WARN_BLOCK_CAPTURE_AUTORELEASING = YES;
				CLANG_WARN_BOOL_CONVERSION = YES;
				CLANG_WARN_COMMA = YES;
				CLANG_WARN_CONSTANT_CONVERSION = YES;
				CLANG_WARN_DEPRECATED_OBJC_IMPLEMENTATIONS = YES;
				CLANG_WARN_DIRECT_OBJC_ISA_USAGE = YES_ERROR;
				CLANG_WARN_DOCUMENTATION_COMMENTS = YES;
				CLANG_WARN_EMPTY_BODY = YES;
				CLANG_WARN_ENUM_CONVERSION = YES;
				CLANG_WARN_INFINITE_RECURSION = YES;
				CLANG_WARN_INT_CONVERSION = YES;
				CLANG_WARN_NON_LITERAL_NULL_CONVERSION = YES;
				CLANG_WARN_OBJC_IMPLICIT_RETAIN_SELF = YES;
				CLANG_WARN_OBJC_LITERAL_CONVERSION = YES;
				CLANG_WARN_OBJC_ROOT_CLASS = YES_ERROR;
				CLANG_WARN_RANGE_LOOP_ANALYSIS = YES;
				CLANG_WARN_STRICT_PROTOTYPES = YES;
				CLANG_WARN_SUSPICIOUS_MOVE = YES;
				CLANG_WARN_UNGUARDED_AVAILABILITY = YES_AGGRESSIVE;
				CLANG_WARN_UNREACHABLE_CODE = YES;
				CLANG_WARN__DUPLICATE_METHOD_MATCH = YES;
				CODE_SIGN_IDENTITY = "iPhone Developer";
				COPY_PHASE_STRIP = NO;
				DEBUG_INFORMATION_FORMAT = "dwarf-with-dsym";
				ENABLE_NS_ASSERTIONS = NO;
				ENABLE_STRICT_OBJC_MSGSEND = YES;
				GCC_C_LANGUAGE_STANDARD = gnu11;
				GCC_NO_COMMON_BLOCKS = YES;
				GCC_WARN_64_TO_32_BIT_CONVERSION = YES;
				GCC_WARN_ABOUT_RETURN_TYPE = YES_ERROR;
				GCC_WARN_UNDECLARED_SELECTOR = YES;
				GCC_WARN_UNINITIALIZED_AUTOS = YES_AGGRESSIVE;
				GCC_WARN_UNUSED_FUNCTION = YES;
				GCC_WARN_UNUSED_VARIABLE = YES;
				IPHONEOS_DEPLOYMENT_TARGET = 11.3;
				MTL_ENABLE_DEBUG_INFO = NO;
				SDKROOT = iphoneos;
				VALIDATE_PRODUCT = YES;
			};
			name = Release;
		};
		1E83D13320C0E99C00B2EFC4 /* Debug */ = {
			isa = XCBuildConfiguration;
			baseConfigurationReference = 031607CD86AECE68B6D7D2CC /* Pods-JQNetWorkingRequestTool.debug.xcconfig */;
			buildSettings = {
				ASSETCATALOG_COMPILER_APPICON_NAME = AppIcon;
				CODE_SIGN_STYLE = Automatic;
				INFOPLIST_FILE = JQNetWorkingRequestTool/Info.plist;
				LD_RUNPATH_SEARCH_PATHS = (
					"$(inherited)",
					"@executable_path/Frameworks",
				);
				PRODUCT_BUNDLE_IDENTIFIER = com.JQNetWorkingRequestTool;
				PRODUCT_NAME = "$(TARGET_NAME)";
				TARGETED_DEVICE_FAMILY = "1,2";
			};
			name = Debug;
		};
		1E83D13420C0E99C00B2EFC4 /* Release */ = {
			isa = XCBuildConfiguration;
			baseConfigurationReference = 3815BFF4F63EEDE8B1C1CBEA /* Pods-JQNetWorkingRequestTool.release.xcconfig */;
			buildSettings = {
				ASSETCATALOG_COMPILER_APPICON_NAME = AppIcon;
				CODE_SIGN_STYLE = Automatic;
				INFOPLIST_FILE = JQNetWorkingRequestTool/Info.plist;
				LD_RUNPATH_SEARCH_PATHS = (
					"$(inherited)",
					"@executable_path/Frameworks",
				);
				PRODUCT_BUNDLE_IDENTIFIER = com.JQNetWorkingRequestTool;
				PRODUCT_NAME = "$(TARGET_NAME)";
				TARGETED_DEVICE_FAMILY = "1,2";
			};
			name = Release;
		};
/* End XCBuildConfiguration section */

/* Begin XCConfigurationList section */
		1E83D11720C0E99A00B2EFC4 /* Build configuration list for PBXProject "JQNetWorkingRequestTool" */ = {
			isa = XCConfigurationList;
			buildConfigurations = (
				1E83D13020C0E99C00B2EFC4 /* Debug */,
				1E83D13120C0E99C00B2EFC4 /* Release */,
			);
			defaultConfigurationIsVisible = 0;
			defaultConfigurationName = Release;
		};
		1E83D13220C0E99C00B2EFC4 /* Build configuration list for PBXNativeTarget "JQNetWorkingRequestTool" */ = {
			isa = XCConfigurationList;
			buildConfigurations = (
				1E83D13320C0E99C00B2EFC4 /* Debug */,
				1E83D13420C0E99C00B2EFC4 /* Release */,
			);
			defaultConfigurationIsVisible = 0;
			defaultConfigurationName = Release;
		};
/* End XCConfigurationList section */
	};
	rootObject = 1E83D11420C0E99A00B2EFC4 /* Project object */;
}
